// !$*UTF8*$!
{
	archiveVersion = 1;
	classes = {
	};
	objectVersion = 46;
	objects = {

/* Begin PBXBuildFile section */
		A9894EF31D06D2CC00D80F68 /* SeamlessSlideUpScrollView.h in Headers */ = {isa = PBXBuildFile; fileRef = A9894EF21D06D2CC00D80F68 /* SeamlessSlideUpScrollView.h */; settings = {ATTRIBUTES = (Public, ); }; };
		A9894EFB1D06D31400D80F68 /* SeamlessSlideUpTableView.swift in Sources */ = {isa = PBXBuildFile; fileRef = A9894EFA1D06D31400D80F68 /* SeamlessSlideUpTableView.swift */; };
		A9894EFF1D070B8800D80F68 /* SeamlessSlideUpView.swift in Sources */ = {isa = PBXBuildFile; fileRef = A9894EFE1D070B8800D80F68 /* SeamlessSlideUpView.swift */; };
		A9894F011D070C0C00D80F68 /* SeamlessSlideUpScrollViewType.swift in Sources */ = {isa = PBXBuildFile; fileRef = A9894F001D070C0C00D80F68 /* SeamlessSlideUpScrollViewType.swift */; };
		A9894F031D07193600D80F68 /* VerticalDragGestureRecognizer.swift in Sources */ = {isa = PBXBuildFile; fileRef = A9894F021D07193600D80F68 /* VerticalDragGestureRecognizer.swift */; };
		A9894F051D0725DB00D80F68 /* SeamlessSlideUpViewDelegate.swift in Sources */ = {isa = PBXBuildFile; fileRef = A9894F041D0725DB00D80F68 /* SeamlessSlideUpViewDelegate.swift */; };
/* End PBXBuildFile section */

/* Begin PBXFileReference section */
		A9894EEF1D06D2CC00D80F68 /* SeamlessSlideUpScrollView.framework */ = {isa = PBXFileReference; explicitFileType = wrapper.framework; includeInIndex = 0; path = SeamlessSlideUpScrollView.framework; sourceTree = BUILT_PRODUCTS_DIR; };
		A9894EF21D06D2CC00D80F68 /* SeamlessSlideUpScrollView.h */ = {isa = PBXFileReference; lastKnownFileType = sourcecode.c.h; path = SeamlessSlideUpScrollView.h; sourceTree = "<group>"; };
		A9894EF41D06D2CC00D80F68 /* Info.plist */ = {isa = PBXFileReference; lastKnownFileType = text.plist.xml; path = Info.plist; sourceTree = "<group>"; };
		A9894EFA1D06D31400D80F68 /* SeamlessSlideUpTableView.swift */ = {isa = PBXFileReference; fileEncoding = 4; lastKnownFileType = sourcecode.swift; path = SeamlessSlideUpTableView.swift; sourceTree = "<group>"; };
		A9894EFE1D070B8800D80F68 /* SeamlessSlideUpView.swift */ = {isa = PBXFileReference; fileEncoding = 4; lastKnownFileType = sourcecode.swift; path = SeamlessSlideUpView.swift; sourceTree = "<group>"; };
		A9894F001D070C0C00D80F68 /* SeamlessSlideUpScrollViewType.swift */ = {isa = PBXFileReference; fileEncoding = 4; lastKnownFileType = sourcecode.swift; path = SeamlessSlideUpScrollViewType.swift; sourceTree = "<group>"; };
		A9894F021D07193600D80F68 /* VerticalDragGestureRecognizer.swift */ = {isa = PBXFileReference; fileEncoding = 4; lastKnownFileType = sourcecode.swift; path = VerticalDragGestureRecognizer.swift; sourceTree = "<group>"; };
		A9894F041D0725DB00D80F68 /* SeamlessSlideUpViewDelegate.swift */ = {isa = PBXFileReference; fileEncoding = 4; lastKnownFileType = sourcecode.swift; path = SeamlessSlideUpViewDelegate.swift; sourceTree = "<group>"; };
/* End PBXFileReference section */

/* Begin PBXFrameworksBuildPhase section */
		A9894EEB1D06D2CC00D80F68 /* Frameworks */ = {
			isa = PBXFrameworksBuildPhase;
			buildActionMask = 2147483647;
			files = (
			);
			runOnlyForDeploymentPostprocessing = 0;
		};
/* End PBXFrameworksBuildPhase section */

/* Begin PBXGroup section */
		A9894EE51D06D2CC00D80F68 = {
			isa = PBXGroup;
			children = (
				A9894EF11D06D2CC00D80F68 /* SeamlessSlideUpScrollView */,
				A9894EF01D06D2CC00D80F68 /* Products */,
			);
			sourceTree = "<group>";
		};
		A9894EF01D06D2CC00D80F68 /* Products */ = {
			isa = PBXGroup;
			children = (
				A9894EEF1D06D2CC00D80F68 /* SeamlessSlideUpScrollView.framework */,
			);
			name = Products;
			sourceTree = "<group>";
		};
		A9894EF11D06D2CC00D80F68 /* SeamlessSlideUpScrollView */ = {
			isa = PBXGroup;
			children = (
				A9894EF21D06D2CC00D80F68 /* SeamlessSlideUpScrollView.h */,
				A9894EF41D06D2CC00D80F68 /* Info.plist */,
				A9894F041D0725DB00D80F68 /* SeamlessSlideUpViewDelegate.swift */,
				A9894EFE1D070B8800D80F68 /* SeamlessSlideUpView.swift */,
				A9894F001D070C0C00D80F68 /* SeamlessSlideUpScrollViewType.swift */,
				A9894EFA1D06D31400D80F68 /* SeamlessSlideUpTableView.swift */,
				A9894F021D07193600D80F68 /* VerticalDragGestureRecognizer.swift */,
			);
			path = SeamlessSlideUpScrollView;
			sourceTree = "<group>";
		};
/* End PBXGroup section */

/* Begin PBXHeadersBuildPhase section */
		A9894EEC1D06D2CC00D80F68 /* Headers */ = {
			isa = PBXHeadersBuildPhase;
			buildActionMask = 2147483647;
			files = (
				A9894EF31D06D2CC00D80F68 /* SeamlessSlideUpScrollView.h in Headers */,
			);
			runOnlyForDeploymentPostprocessing = 0;
		};
/* End PBXHeadersBuildPhase section */

/* Begin PBXNativeTarget section */
		A9894EEE1D06D2CC00D80F68 /* SeamlessSlideUpScrollView */ = {
			isa = PBXNativeTarget;
			buildConfigurationList = A9894EF71D06D2CC00D80F68 /* Build configuration list for PBXNativeTarget "SeamlessSlideUpScrollView" */;
			buildPhases = (
				A9894EEA1D06D2CC00D80F68 /* Sources */,
				A9894EEB1D06D2CC00D80F68 /* Frameworks */,
				A9894EEC1D06D2CC00D80F68 /* Headers */,
				A9894EED1D06D2CC00D80F68 /* Resources */,
			);
			buildRules = (
			);
			dependencies = (
			);
			name = SeamlessSlideUpScrollView;
			productName = SeamlessSlideUpScrollView;
			productReference = A9894EEF1D06D2CC00D80F68 /* SeamlessSlideUpScrollView.framework */;
			productType = "com.apple.product-type.framework";
		};
/* End PBXNativeTarget section */

/* Begin PBXProject section */
		A9894EE61D06D2CC00D80F68 /* Project object */ = {
			isa = PBXProject;
			attributes = {
				LastUpgradeCheck = 0730;
				ORGANIZATIONNAME = "Gen X Hippies Company";
				TargetAttributes = {
					A9894EEE1D06D2CC00D80F68 = {
						CreatedOnToolsVersion = 7.3.1;
					};
				};
			};
			buildConfigurationList = A9894EE91D06D2CC00D80F68 /* Build configuration list for PBXProject "SeamlessSlideUpScrollView" */;
			compatibilityVersion = "Xcode 3.2";
			developmentRegion = English;
			hasScannedForEncodings = 0;
			knownRegions = (
				en,
			);
			mainGroup = A9894EE51D06D2CC00D80F68;
			productRefGroup = A9894EF01D06D2CC00D80F68 /* Products */;
			projectDirPath = "";
			projectRoot = "";
			targets = (
				A9894EEE1D06D2CC00D80F68 /* SeamlessSlideUpScrollView */,
			);
		};
/* End PBXProject section */

/* Begin PBXResourcesBuildPhase section */
		A9894EED1D06D2CC00D80F68 /* Resources */ = {
			isa = PBXResourcesBuildPhase;
			buildActionMask = 2147483647;
			files = (
			);
			runOnlyForDeploymentPostprocessing = 0;
		};
/* End PBXResourcesBuildPhase section */

/* Begin PBXSourcesBuildPhase section */
		A9894EEA1D06D2CC00D80F68 /* Sources */ = {
			isa = PBXSourcesBuildPhase;
			buildActionMask = 2147483647;
			files = (
				A9894EFF1D070B8800D80F68 /* SeamlessSlideUpView.swift in Sources */,
				A9894F031D07193600D80F68 /* VerticalDragGestureRecognizer.swift in Sources */,
				A9894F051D0725DB00D80F68 /* SeamlessSlideUpViewDelegate.swift in Sources */,
				A9894F011D070C0C00D80F68 /* SeamlessSlideUpScrollViewType.swift in Sources */,
				A9894EFB1D06D31400D80F68 /* SeamlessSlideUpTableView.swift in Sources */,
			);
			runOnlyForDeploymentPostprocessing = 0;
		};
/* End PBXSourcesBuildPhase section */

/* Begin XCBuildConfiguration section */
		A9894EF51D06D2CC00D80F68 /* Debug */ = {
			isa = XCBuildConfiguration;
			buildSettings = {
				ALWAYS_SEARCH_USER_PATHS = NO;
				CLANG_ANALYZER_NONNULL = YES;
				CLANG_CXX_LANGUAGE_STANDARD = "gnu++0x";
				CLANG_CXX_LIBRARY = "libc++";
				CLANG_ENABLE_MODULES = YES;
				CLANG_ENABLE_OBJC_ARC = YES;
				CLANG_WARN_BOOL_CONVERSION = YES;
				CLANG_WARN_CONSTANT_CONVERSION = YES;
				CLANG_WARN_DIRECT_OBJC_ISA_USAGE = YES_ERROR;
				CLANG_WARN_EMPTY_BODY = YES;
				CLANG_WARN_ENUM_CONVERSION = YES;
				CLANG_WARN_INT_CONVERSION = YES;
				CLANG_WARN_OBJC_ROOT_CLASS = YES_ERROR;
				CLANG_WARN_UNREACHABLE_CODE = YES;
				CLANG_WARN__DUPLICATE_METHOD_MATCH = YES;
				"CODE_SIGN_IDENTITY[sdk=iphoneos*]" = "iPhone Developer";
				COPY_PHASE_STRIP = NO;
				CURRENT_PROJECT_VERSION = 1;
				DEBUG_INFORMATION_FORMAT = dwarf;
				ENABLE_STRICT_OBJC_MSGSEND = YES;
				ENABLE_TESTABILITY = YES;
				GCC_C_LANGUAGE_STANDARD = gnu99;
				GCC_DYNAMIC_NO_PIC = NO;
				GCC_NO_COMMON_BLOCKS = YES;
				GCC_OPTIMIZATION_LEVEL = 0;
				GCC_PREPROCESSOR_DEFINITIONS = (
					"DEBUG=1",
					"$(inherited)",
				);
				GCC_WARN_64_TO_32_BIT_CONVERSION = YES;
				GCC_WARN_ABOUT_RETURN_TYPE = YES_ERROR;
				GCC_WARN_UNDECLARED_SELECTOR = YES;
				GCC_WARN_UNINITIALIZED_AUTOS = YES_AGGRESSIVE;
				GCC_WARN_UNUSED_FUNCTION = YES;
				GCC_WARN_UNUSED_VARIABLE = YES;
				IPHONEOS_DEPLOYMENT_TARGET = 9.3;
				MTL_ENABLE_DEBUG_INFO = YES;
				ONLY_ACTIVE_ARCH = YES;
				SDKROOT = iphoneos;
				SWIFT_OPTIMIZATION_LEVEL = "-Onone";
				TARGETED_DEVICE_FAMILY = "1,2";
				VERSIONING_SYSTEM = "apple-generic";
				VERSION_INFO_PREFIX = "";
			};
			name = Debug;
		};
		A9894EF61D06D2CC00D80F68 /* Release */ = {
			isa = XCBuildConfiguration;
			buildSettings = {
				ALWAYS_SEARCH_USER_PATHS = NO;
				CLANG_ANALYZER_NONNULL = YES;
				CLANG_CXX_LANGUAGE_STANDARD = "gnu++0x";
				CLANG_CXX_LIBRARY = "libc++";
				CLANG_ENABLE_MODULES = YES;
				CLANG_ENABLE_OBJC_ARC = YES;
				CLANG_WARN_BOOL_CONVERSION = YES;
				CLANG_WARN_CONSTANT_CONVERSION = YES;
				CLANG_WARN_DIRECT_OBJC_ISA_USAGE = YES_ERROR;
				CLANG_WARN_EMPTY_BODY = YES;
				CLANG_WARN_ENUM_CONVERSION = YES;
				CLANG_WARN_INT_CONVERSION = YES;
				CLANG_WARN_OBJC_ROOT_CLASS = YES_ERROR;
				CLANG_WARN_UNREACHABLE_CODE = YES;
				CLANG_WARN__DUPLICATE_METHOD_MATCH = YES;
				"CODE_SIGN_IDENTITY[sdk=iphoneos*]" = "iPhone Developer";
				COPY_PHASE_STRIP = NO;
				CURRENT_PROJECT_VERSION = 1;
				DEBUG_INFORMATION_FORMAT = "dwarf-with-dsym";
				ENABLE_NS_ASSERTIONS = NO;
				ENABLE_STRICT_OBJC_MSGSEND = YES;
				GCC_C_LANGUAGE_STANDARD = gnu99;
				GCC_NO_COMMON_BLOCKS = YES;
				GCC_WARN_64_TO_32_BIT_CONVERSION = YES;
				GCC_WARN_ABOUT_RETURN_TYPE = YES_ERROR;
				GCC_WARN_UNDECLARED_SELECTOR = YES;
				GCC_WARN_UNINITIALIZED_AUTOS = YES_AGGRESSIVE;
				GCC_WARN_UNUSED_FUNCTION = YES;
				GCC_WARN_UNUSED_VARIABLE = YES;
				IPHONEOS_DEPLOYMENT_TARGET = 9.3;
				MTL_ENABLE_DEBUG_INFO = NO;
				SDKROOT = iphoneos;
				TARGETED_DEVICE_FAMILY = "1,2";
				VALIDATE_PRODUCT = YES;
				VERSIONING_SYSTEM = "apple-generic";
				VERSION_INFO_PREFIX = "";
			};
			name = Release;
		};
		A9894EF81D06D2CC00D80F68 /* Debug */ = {
			isa = XCBuildConfiguration;
			buildSettings = {
				CLANG_ENABLE_MODULES = YES;
				DEFINES_MODULE = YES;
				DYLIB_COMPATIBILITY_VERSION = 1;
				DYLIB_CURRENT_VERSION = 1;
				DYLIB_INSTALL_NAME_BASE = "@rpath";
				INFOPLIST_FILE = SeamlessSlideUpScrollView/Info.plist;
				INSTALL_PATH = "$(LOCAL_LIBRARY_DIR)/Frameworks";
				LD_RUNPATH_SEARCH_PATHS = "$(inherited) @executable_path/Frameworks @loader_path/Frameworks";
				PRODUCT_BUNDLE_IDENTIFIER = "com.oo-v.ios.SeamlessSlideUpScrollView";
				PRODUCT_NAME = "$(TARGET_NAME)";
				SKIP_INSTALL = YES;
				SWIFT_OPTIMIZATION_LEVEL = "-Onone";
			};
			name = Debug;
		};
		A9894EF91D06D2CC00D80F68 /* Release */ = {
			isa = XCBuildConfiguration;
			buildSettings = {
				CLANG_ENABLE_MODULES = YES;
				DEFINES_MODULE = YES;
				DYLIB_COMPATIBILITY_VERSION = 1;
				DYLIB_CURRENT_VERSION = 1;
				DYLIB_INSTALL_NAME_BASE = "@rpath";
				INFOPLIST_FILE = SeamlessSlideUpScrollView/Info.plist;
				INSTALL_PATH = "$(LOCAL_LIBRARY_DIR)/Frameworks";
				LD_RUNPATH_SEARCH_PATHS = "$(inherited) @executable_path/Frameworks @loader_path/Frameworks";
				PRODUCT_BUNDLE_IDENTIFIER = "com.oo-v.ios.SeamlessSlideUpScrollView";
				PRODUCT_NAME = "$(TARGET_NAME)";
				SKIP_INSTALL = YES;
			};
			name = Release;
		};
/* End XCBuildConfiguration section */

/* Begin XCConfigurationList section */
		A9894EE91D06D2CC00D80F68 /* Build configuration list for PBXProject "SeamlessSlideUpScrollView" */ = {
			isa = XCConfigurationList;
			buildConfigurations = (
				A9894EF51D06D2CC00D80F68 /* Debug */,
				A9894EF61D06D2CC00D80F68 /* Release */,
			);
			defaultConfigurationIsVisible = 0;
			defaultConfigurationName = Release;
		};
		A9894EF71D06D2CC00D80F68 /* Build configuration list for PBXNativeTarget "SeamlessSlideUpScrollView" */ = {
			isa = XCConfigurationList;
			buildConfigurations = (
				A9894EF81D06D2CC00D80F68 /* Debug */,
				A9894EF91D06D2CC00D80F68 /* Release */,
			);
			defaultConfigurationIsVisible = 0;
		};
/* End XCConfigurationList section */
	};
	rootObject = A9894EE61D06D2CC00D80F68 /* Project object */;
}
