// !$*UTF8*$!
{
	archiveVersion = 1;
	classes = {
	};
	objectVersion = 46;
	objects = {

/* Begin PBXBuildFile section */
		A9894EB31D06CEE500D80F68 /* AppDelegate.swift in Sources */ = {isa = PBXBuildFile; fileRef = A9894EB21D06CEE500D80F68 /* AppDelegate.swift */; };
		A9894EB51D06CEE500D80F68 /* ViewController.swift in Sources */ = {isa = PBXBuildFile; fileRef = A9894EB41D06CEE500D80F68 /* ViewController.swift */; };
		A9894EB81D06CEE500D80F68 /* Main.storyboard in Resources */ = {isa = PBXBuildFile; fileRef = A9894EB61D06CEE500D80F68 /* Main.storyboard */; };
		A9894EBA1D06CEE500D80F68 /* Assets.xcassets in Resources */ = {isa = PBXBuildFile; fileRef = A9894EB91D06CEE500D80F68 /* Assets.xcassets */; };
		A9894EBD1D06CEE500D80F68 /* LaunchScreen.storyboard in Resources */ = {isa = PBXBuildFile; fileRef = A9894EBB1D06CEE500D80F68 /* LaunchScreen.storyboard */; };
		A9894F0C1D073F4C00D80F68 /* SeamlessSlideUpScrollView.framework in Frameworks */ = {isa = PBXBuildFile; fileRef = A9894F0A1D073ED000D80F68 /* SeamlessSlideUpScrollView.framework */; };
		A9894F0D1D073F4C00D80F68 /* SeamlessSlideUpScrollView.framework in Embed Frameworks */ = {isa = PBXBuildFile; fileRef = A9894F0A1D073ED000D80F68 /* SeamlessSlideUpScrollView.framework */; settings = {ATTRIBUTES = (CodeSignOnCopy, RemoveHeadersOnCopy, ); }; };
/* End PBXBuildFile section */

/* Begin PBXCopyFilesBuildPhase section */
		A9894F0E1D073F4D00D80F68 /* Embed Frameworks */ = {
			isa = PBXCopyFilesBuildPhase;
			buildActionMask = 2147483647;
			dstPath = "";
			dstSubfolderSpec = 10;
			files = (
				A9894F0D1D073F4C00D80F68 /* SeamlessSlideUpScrollView.framework in Embed Frameworks */,
			);
			name = "Embed Frameworks";
			runOnlyForDeploymentPostprocessing = 0;
		};
/* End PBXCopyFilesBuildPhase section */

/* Begin PBXFileReference section */
		A9894EAF1D06CEE500D80F68 /* SeamlessSlideUpScrollViewSample.app */ = {isa = PBXFileReference; explicitFileType = wrapper.application; includeInIndex = 0; path = SeamlessSlideUpScrollViewSample.app; sourceTree = BUILT_PRODUCTS_DIR; };
		A9894EB21D06CEE500D80F68 /* AppDelegate.swift */ = {isa = PBXFileReference; lastKnownFileType = sourcecode.swift; path = AppDelegate.swift; sourceTree = "<group>"; };
		A9894EB41D06CEE500D80F68 /* ViewController.swift */ = {isa = PBXFileReference; lastKnownFileType = sourcecode.swift; path = ViewController.swift; sourceTree = "<group>"; };
		A9894EB71D06CEE500D80F68 /* Base */ = {isa = PBXFileReference; lastKnownFileType = file.storyboard; name = Base; path = Base.lproj/Main.storyboard; sourceTree = "<group>"; };
		A9894EB91D06CEE500D80F68 /* Assets.xcassets */ = {isa = PBXFileReference; lastKnownFileType = folder.assetcatalog; path = Assets.xcassets; sourceTree = "<group>"; };
		A9894EBC1D06CEE500D80F68 /* Base */ = {isa = PBXFileReference; lastKnownFileType = file.storyboard; name = Base; path = Base.lproj/LaunchScreen.storyboard; sourceTree = "<group>"; };
		A9894EBE1D06CEE500D80F68 /* Info.plist */ = {isa = PBXFileReference; lastKnownFileType = text.plist.xml; path = Info.plist; sourceTree = "<group>"; };
		A9894F0A1D073ED000D80F68 /* SeamlessSlideUpScrollView.framework */ = {isa = PBXFileReference; lastKnownFileType = wrapper.framework; name = SeamlessSlideUpScrollView.framework; path = "../../../Library/Developer/Xcode/DerivedData/SeamlessSlideUpScrollView-ahhanqikmgpsfggpoukwvfmeiflp/Build/Products/Debug-iphoneos/SeamlessSlideUpScrollView.framework"; sourceTree = "<group>"; };
/* End PBXFileReference section */

/* Begin PBXFrameworksBuildPhase section */
		A9894EAC1D06CEE500D80F68 /* Frameworks */ = {
			isa = PBXFrameworksBuildPhase;
			buildActionMask = 2147483647;
			files = (
				A9894F0C1D073F4C00D80F68 /* SeamlessSlideUpScrollView.framework in Frameworks */,
			);
			runOnlyForDeploymentPostprocessing = 0;
		};
/* End PBXFrameworksBuildPhase section */

/* Begin PBXGroup section */
		A9894EA61D06CEE500D80F68 = {
			isa = PBXGroup;
			children = (
				A9894F0A1D073ED000D80F68 /* SeamlessSlideUpScrollView.framework */,
				A9894EB11D06CEE500D80F68 /* SeamlessSlideUpScrollViewSample */,
				A9894EB01D06CEE500D80F68 /* Products */,
			);
			sourceTree = "<group>";
		};
		A9894EB01D06CEE500D80F68 /* Products */ = {
			isa = PBXGroup;
			children = (
				A9894EAF1D06CEE500D80F68 /* SeamlessSlideUpScrollViewSample.app */,
			);
			name = Products;
			sourceTree = "<group>";
		};
		A9894EB11D06CEE500D80F68 /* SeamlessSlideUpScrollViewSample */ = {
			isa = PBXGroup;
			children = (
				A9894EB21D06CEE500D80F68 /* AppDelegate.swift */,
				A9894EB41D06CEE500D80F68 /* ViewController.swift */,
				A9894EB61D06CEE500D80F68 /* Main.storyboard */,
				A9894EB91D06CEE500D80F68 /* Assets.xcassets */,
				A9894EBB1D06CEE500D80F68 /* LaunchScreen.storyboard */,
				A9894EBE1D06CEE500D80F68 /* Info.plist */,
			);
			path = SeamlessSlideUpScrollViewSample;
			sourceTree = "<group>";
		};
/* End PBXGroup section */

/* Begin PBXNativeTarget section */
		A9894EAE1D06CEE500D80F68 /* SeamlessSlideUpScrollViewSample */ = {
			isa = PBXNativeTarget;
			buildConfigurationList = A9894EC11D06CEE500D80F68 /* Build configuration list for PBXNativeTarget "SeamlessSlideUpScrollViewSample" */;
			buildPhases = (
				A9894EAB1D06CEE500D80F68 /* Sources */,
				A9894EAC1D06CEE500D80F68 /* Frameworks */,
				A9894EAD1D06CEE500D80F68 /* Resources */,
				A9894F0E1D073F4D00D80F68 /* Embed Frameworks */,
			);
			buildRules = (
			);
			dependencies = (
			);
			name = SeamlessSlideUpScrollViewSample;
			productName = SeamlessSlideUpScrollViewSample;
			productReference = A9894EAF1D06CEE500D80F68 /* SeamlessSlideUpScrollViewSample.app */;
			productType = "com.apple.product-type.application";
		};
/* End PBXNativeTarget section */

/* Begin PBXProject section */
		A9894EA71D06CEE500D80F68 /* Project object */ = {
			isa = PBXProject;
			attributes = {
				LastSwiftUpdateCheck = 0730;
				LastUpgradeCheck = 0730;
				ORGANIZATIONNAME = "Gen X Hippies Company";
				TargetAttributes = {
					A9894EAE1D06CEE500D80F68 = {
						CreatedOnToolsVersion = 7.3.1;
					};
				};
			};
			buildConfigurationList = A9894EAA1D06CEE500D80F68 /* Build configuration list for PBXProject "SeamlessSlideUpScrollViewSample" */;
			compatibilityVersion = "Xcode 3.2";
			developmentRegion = English;
			hasScannedForEncodings = 0;
			knownRegions = (
				en,
				Base,
			);
			mainGroup = A9894EA61D06CEE500D80F68;
			productRefGroup = A9894EB01D06CEE500D80F68 /* Products */;
			projectDirPath = "";
			projectRoot = "";
			targets = (
				A9894EAE1D06CEE500D80F68 /* SeamlessSlideUpScrollViewSample */,
			);
		};
/* End PBXProject section */

/* Begin PBXResourcesBuildPhase section */
		A9894EAD1D06CEE500D80F68 /* Resources */ = {
			isa = PBXResourcesBuildPhase;
			buildActionMask = 2147483647;
			files = (
				A9894EBD1D06CEE500D80F68 /* LaunchScreen.storyboard in Resources */,
				A9894EBA1D06CEE500D80F68 /* Assets.xcassets in Resources */,
				A9894EB81D06CEE500D80F68 /* Main.storyboard in Resources */,
			);
			runOnlyForDeploymentPostprocessing = 0;
		};
/* End PBXResourcesBuildPhase section */

/* Begin PBXSourcesBuildPhase section */
		A9894EAB1D06CEE500D80F68 /* Sources */ = {
			isa = PBXSourcesBuildPhase;
			buildActionMask = 2147483647;
			files = (
				A9894EB51D06CEE500D80F68 /* ViewController.swift in Sources */,
				A9894EB31D06CEE500D80F68 /* AppDelegate.swift in Sources */,
			);
			runOnlyForDeploymentPostprocessing = 0;
		};
/* End PBXSourcesBuildPhase section */

/* Begin PBXVariantGroup section */
		A9894EB61D06CEE500D80F68 /* Main.storyboard */ = {
			isa = PBXVariantGroup;
			children = (
				A9894EB71D06CEE500D80F68 /* Base */,
			);
			name = Main.storyboard;
			sourceTree = "<group>";
		};
		A9894EBB1D06CEE500D80F68 /* LaunchScreen.storyboard */ = {
			isa = PBXVariantGroup;
			children = (
				A9894EBC1D06CEE500D80F68 /* Base */,
			);
			name = LaunchScreen.storyboard;
			sourceTree = "<group>";
		};
/* End PBXVariantGroup section */

/* Begin XCBuildConfiguration section */
		A9894EBF1D06CEE500D80F68 /* Debug */ = {
			isa = XCBuildConfiguration;
			buildSettings = {
				ALWAYS_SEARCH_USER_PATHS = NO;
				CLANG_ANALYZER_NONNULL = YES;
				CLANG_CXX_LANGUAGE_STANDARD = "gnu++0x";
				CLANG_CXX_LIBRARY = "libc++";
				CLANG_ENABLE_MODULES = YES;
				CLANG_ENABLE_OBJC_ARC = YES;
				CLANG_WARN_BOOL_CONVERSION = YES;
				CLANG_WARN_CONSTANT_CONVERSION = YES;
				CLANG_WARN_DIRECT_OBJC_ISA_USAGE = YES_ERROR;
				CLANG_WARN_EMPTY_BODY = YES;
				CLANG_WARN_ENUM_CONVERSION = YES;
				CLANG_WARN_INT_CONVERSION = YES;
				CLANG_WARN_OBJC_ROOT_CLASS = YES_ERROR;
				CLANG_WARN_UNREACHABLE_CODE = YES;
				CLANG_WARN__DUPLICATE_METHOD_MATCH = YES;
				"CODE_SIGN_IDENTITY[sdk=iphoneos*]" = "iPhone Developer";
				COPY_PHASE_STRIP = NO;
				DEBUG_INFORMATION_FORMAT = dwarf;
				ENABLE_STRICT_OBJC_MSGSEND = YES;
				ENABLE_TESTABILITY = YES;
				GCC_C_LANGUAGE_STANDARD = gnu99;
				GCC_DYNAMIC_NO_PIC = NO;
				GCC_NO_COMMON_BLOCKS = YES;
				GCC_OPTIMIZATION_LEVEL = 0;
				GCC_PREPROCESSOR_DEFINITIONS = (
					"DEBUG=1",
					"$(inherited)",
				);
				GCC_WARN_64_TO_32_BIT_CONVERSION = YES;
				GCC_WARN_ABOUT_RETURN_TYPE = YES_ERROR;
				GCC_WARN_UNDECLARED_SELECTOR = YES;
				GCC_WARN_UNINITIALIZED_AUTOS = YES_AGGRESSIVE;
				GCC_WARN_UNUSED_FUNCTION = YES;
				GCC_WARN_UNUSED_VARIABLE = YES;
				IPHONEOS_DEPLOYMENT_TARGET = 9.3;
				MTL_ENABLE_DEBUG_INFO = YES;
				ONLY_ACTIVE_ARCH = YES;
				SDKROOT = iphoneos;
				SWIFT_OPTIMIZATION_LEVEL = "-Onone";
				TARGETED_DEVICE_FAMILY = "1,2";
			};
			name = Debug;
		};
		A9894EC01D06CEE500D80F68 /* Release */ = {
			isa = XCBuildConfiguration;
			buildSettings = {
				ALWAYS_SEARCH_USER_PATHS = NO;
				CLANG_ANALYZER_NONNULL = YES;
				CLANG_CXX_LANGUAGE_STANDARD = "gnu++0x";
				CLANG_CXX_LIBRARY = "libc++";
				CLANG_ENABLE_MODULES = YES;
				CLANG_ENABLE_OBJC_ARC = YES;
				CLANG_WARN_BOOL_CONVERSION = YES;
				CLANG_WARN_CONSTANT_CONVERSION = YES;
				CLANG_WARN_DIRECT_OBJC_ISA_USAGE = YES_ERROR;
				CLANG_WARN_EMPTY_BODY = YES;
				CLANG_WARN_ENUM_CONVERSION = YES;
				CLANG_WARN_INT_CONVERSION = YES;
				CLANG_WARN_OBJC_ROOT_CLASS = YES_ERROR;
				CLANG_WARN_UNREACHABLE_CODE = YES;
				CLANG_WARN__DUPLICATE_METHOD_MATCH = YES;
				"CODE_SIGN_IDENTITY[sdk=iphoneos*]" = "iPhone Developer";
				COPY_PHASE_STRIP = NO;
				DEBUG_INFORMATION_FORMAT = "dwarf-with-dsym";
				ENABLE_NS_ASSERTIONS = NO;
				ENABLE_STRICT_OBJC_MSGSEND = YES;
				GCC_C_LANGUAGE_STANDARD = gnu99;
				GCC_NO_COMMON_BLOCKS = YES;
				GCC_WARN_64_TO_32_BIT_CONVERSION = YES;
				GCC_WARN_ABOUT_RETURN_TYPE = YES_ERROR;
				GCC_WARN_UNDECLARED_SELECTOR = YES;
				GCC_WARN_UNINITIALIZED_AUTOS = YES_AGGRESSIVE;
				GCC_WARN_UNUSED_FUNCTION = YES;
				GCC_WARN_UNUSED_VARIABLE = YES;
				IPHONEOS_DEPLOYMENT_TARGET = 9.3;
				MTL_ENABLE_DEBUG_INFO = NO;
				SDKROOT = iphoneos;
				TARGETED_DEVICE_FAMILY = "1,2";
				VALIDATE_PRODUCT = YES;
			};
			name = Release;
		};
		A9894EC21D06CEE500D80F68 /* Debug */ = {
			isa = XCBuildConfiguration;
			buildSettings = {
				ASSETCATALOG_COMPILER_APPICON_NAME = AppIcon;
				INFOPLIST_FILE = SeamlessSlideUpScrollViewSample/Info.plist;
				LD_RUNPATH_SEARCH_PATHS = "$(inherited) @executable_path/Frameworks";
				PRODUCT_BUNDLE_IDENTIFIER = "com.oo-v.ios.SeamlessSlideUpScrollViewSample";
				PRODUCT_NAME = "$(TARGET_NAME)";
			};
			name = Debug;
		};
		A9894EC31D06CEE500D80F68 /* Release */ = {
			isa = XCBuildConfiguration;
			buildSettings = {
				ASSETCATALOG_COMPILER_APPICON_NAME = AppIcon;
				INFOPLIST_FILE = SeamlessSlideUpScrollViewSample/Info.plist;
				LD_RUNPATH_SEARCH_PATHS = "$(inherited) @executable_path/Frameworks";
				PRODUCT_BUNDLE_IDENTIFIER = "com.oo-v.ios.SeamlessSlideUpScrollViewSample";
				PRODUCT_NAME = "$(TARGET_NAME)";
			};
			name = Release;
		};
/* End XCBuildConfiguration section */

/* Begin XCConfigurationList section */
		A9894EAA1D06CEE500D80F68 /* Build configuration list for PBXProject "SeamlessSlideUpScrollViewSample" */ = {
			isa = XCConfigurationList;
			buildConfigurations = (
				A9894EBF1D06CEE500D80F68 /* Debug */,
				A9894EC01D06CEE500D80F68 /* Release */,
			);
			defaultConfigurationIsVisible = 0;
			defaultConfigurationName = Release;
		};
		A9894EC11D06CEE500D80F68 /* Build configuration list for PBXNativeTarget "SeamlessSlideUpScrollViewSample" */ = {
			isa = XCConfigurationList;
			buildConfigurations = (
				A9894EC21D06CEE500D80F68 /* Debug */,
				A9894EC31D06CEE500D80F68 /* Release */,
			);
			defaultConfigurationIsVisible = 0;
			defaultConfigurationName = Release;
		};
/* End XCConfigurationList section */
	};
	rootObject = A9894EA71D06CEE500D80F68 /* Project object */;
}
